
Microsoft Visual Studio Solution File, Format Version 12.00
# Visual Studio Version 17
VisualStudioVersion = 17.7.34003.232
MinimumVisualStudioVersion = 10.0.40219.1
Project("{9A19103F-16F7-4668-BE54-9A1E7A4F7556}") = "WebAppluisChaves", "WebAppluisChaves.csproj", "{13824AA3-3233-4BEB-8B60-68309B792585}"
EndProject
Global
	GlobalSection(SolutionConfigurationPlatforms) = preSolution
		Debug|Any CPU = Debug|Any CPU
		Release|Any CPU = Release|Any CPU
	EndGlobalSection
	GlobalSection(ProjectConfigurationPlatforms) = postSolution
		{13824AA3-3233-4BEB-8B60-68309B792585}.Debug|Any CPU.ActiveCfg = Debug|Any CPU
		{13824AA3-3233-4BEB-8B60-68309B792585}.Debug|Any CPU.Build.0 = Debug|Any CPU
		{13824AA3-3233-4BEB-8B60-68309B792585}.Release|Any CPU.ActiveCfg = Release|Any CPU
		{13824AA3-3233-4BEB-8B60-68309B792585}.Release|Any CPU.Build.0 = Release|Any CPU
	EndGlobalSection
	GlobalSection(SolutionProperties) = preSolution
		HideSolutionNode = FALSE
	EndGlobalSection
	GlobalSection(ExtensibilityGlobals) = postSolution
		SolutionGuid = {1F36D1E0-54E9-4164-AD14-473A37983773}
	EndGlobalSection
EndGlobal
